// !$*UTF8*$!
{
	archiveVersion = 1;
	classes = {
	};
	objectVersion = 50;
	objects = {

/* Begin PBXBuildFile section */
		591B682C25E29AC50003410A /* AppDelegate.swift in Sources */ = {isa = PBXBuildFile; fileRef = 591B682B25E29AC50003410A /* AppDelegate.swift */; };
		591B682E25E29AC50003410A /* SceneDelegate.swift in Sources */ = {isa = PBXBuildFile; fileRef = 591B682D25E29AC50003410A /* SceneDelegate.swift */; };
		591B683325E29AC50003410A /* Main.storyboard in Resources */ = {isa = PBXBuildFile; fileRef = 591B683125E29AC50003410A /* Main.storyboard */; };
		591B683525E29AC50003410A /* Assets.xcassets in Resources */ = {isa = PBXBuildFile; fileRef = 591B683425E29AC50003410A /* Assets.xcassets */; };
		591B683825E29AC50003410A /* LaunchScreen.storyboard in Resources */ = {isa = PBXBuildFile; fileRef = 591B683625E29AC50003410A /* LaunchScreen.storyboard */; };
		591B684325E29AC60003410A /* DeeplinkingWithChainPatternTests.swift in Sources */ = {isa = PBXBuildFile; fileRef = 591B684225E29AC60003410A /* DeeplinkingWithChainPatternTests.swift */; };
		591B684E25E29AC60003410A /* DeeplinkingWithChainPatternUITests.swift in Sources */ = {isa = PBXBuildFile; fileRef = 591B684D25E29AC60003410A /* DeeplinkingWithChainPatternUITests.swift */; };
		591B686425E29FF70003410A /* ProductDetailViewController.swift in Sources */ = {isa = PBXBuildFile; fileRef = 591B686325E29FF70003410A /* ProductDetailViewController.swift */; };
		591B686925E2A0140003410A /* OrderDetailViewController.swift in Sources */ = {isa = PBXBuildFile; fileRef = 591B686825E2A0140003410A /* OrderDetailViewController.swift */; };
		591B686E25E2A0CF0003410A /* HomepageViewController.swift in Sources */ = {isa = PBXBuildFile; fileRef = 591B686D25E2A0CF0003410A /* HomepageViewController.swift */; };
		591B687625E2A2AF0003410A /* DeeplinkManager.swift in Sources */ = {isa = PBXBuildFile; fileRef = 591B687525E2A2AF0003410A /* DeeplinkManager.swift */; };
		591B687C25E2A2E80003410A /* DeeplinkableItem.swift in Sources */ = {isa = PBXBuildFile; fileRef = 591B687B25E2A2E80003410A /* DeeplinkableItem.swift */; };
/* End PBXBuildFile section */

/* Begin PBXContainerItemProxy section */
		591B683F25E29AC60003410A /* PBXContainerItemProxy */ = {
			isa = PBXContainerItemProxy;
			containerPortal = 591B682025E29AC50003410A /* Project object */;
			proxyType = 1;
			remoteGlobalIDString = 591B682725E29AC50003410A;
			remoteInfo = DeeplinkingWithChainPattern;
		};
		591B684A25E29AC60003410A /* PBXContainerItemProxy */ = {
			isa = PBXContainerItemProxy;
			containerPortal = 591B682025E29AC50003410A /* Project object */;
			proxyType = 1;
			remoteGlobalIDString = 591B682725E29AC50003410A;
			remoteInfo = DeeplinkingWithChainPattern;
		};
/* End PBXContainerItemProxy section */

/* Begin PBXFileReference section */
		591B682825E29AC50003410A /* DeeplinkingWithChainPattern.app */ = {isa = PBXFileReference; explicitFileType = wrapper.application; includeInIndex = 0; path = DeeplinkingWithChainPattern.app; sourceTree = BUILT_PRODUCTS_DIR; };
		591B682B25E29AC50003410A /* AppDelegate.swift */ = {isa = PBXFileReference; lastKnownFileType = sourcecode.swift; path = AppDelegate.swift; sourceTree = "<group>"; };
		591B682D25E29AC50003410A /* SceneDelegate.swift */ = {isa = PBXFileReference; lastKnownFileType = sourcecode.swift; path = SceneDelegate.swift; sourceTree = "<group>"; };
		591B683225E29AC50003410A /* Base */ = {isa = PBXFileReference; lastKnownFileType = file.storyboard; name = Base; path = Base.lproj/Main.storyboard; sourceTree = "<group>"; };
		591B683425E29AC50003410A /* Assets.xcassets */ = {isa = PBXFileReference; lastKnownFileType = folder.assetcatalog; path = Assets.xcassets; sourceTree = "<group>"; };
		591B683725E29AC50003410A /* Base */ = {isa = PBXFileReference; lastKnownFileType = file.storyboard; name = Base; path = Base.lproj/LaunchScreen.storyboard; sourceTree = "<group>"; };
		591B683925E29AC50003410A /* Info.plist */ = {isa = PBXFileReference; lastKnownFileType = text.plist.xml; path = Info.plist; sourceTree = "<group>"; };
		591B683E25E29AC60003410A /* DeeplinkingWithChainPatternTests.xctest */ = {isa = PBXFileReference; explicitFileType = wrapper.cfbundle; includeInIndex = 0; path = DeeplinkingWithChainPatternTests.xctest; sourceTree = BUILT_PRODUCTS_DIR; };
		591B684225E29AC60003410A /* DeeplinkingWithChainPatternTests.swift */ = {isa = PBXFileReference; lastKnownFileType = sourcecode.swift; path = DeeplinkingWithChainPatternTests.swift; sourceTree = "<group>"; };
		591B684425E29AC60003410A /* Info.plist */ = {isa = PBXFileReference; lastKnownFileType = text.plist.xml; path = Info.plist; sourceTree = "<group>"; };
		591B684925E29AC60003410A /* DeeplinkingWithChainPatternUITests.xctest */ = {isa = PBXFileReference; explicitFileType = wrapper.cfbundle; includeInIndex = 0; path = DeeplinkingWithChainPatternUITests.xctest; sourceTree = BUILT_PRODUCTS_DIR; };
		591B684D25E29AC60003410A /* DeeplinkingWithChainPatternUITests.swift */ = {isa = PBXFileReference; lastKnownFileType = sourcecode.swift; path = DeeplinkingWithChainPatternUITests.swift; sourceTree = "<group>"; };
		591B684F25E29AC60003410A /* Info.plist */ = {isa = PBXFileReference; lastKnownFileType = text.plist.xml; path = Info.plist; sourceTree = "<group>"; };
		591B686325E29FF70003410A /* ProductDetailViewController.swift */ = {isa = PBXFileReference; lastKnownFileType = sourcecode.swift; path = ProductDetailViewController.swift; sourceTree = "<group>"; };
		591B686825E2A0140003410A /* OrderDetailViewController.swift */ = {isa = PBXFileReference; lastKnownFileType = sourcecode.swift; path = OrderDetailViewController.swift; sourceTree = "<group>"; };
		591B686D25E2A0CF0003410A /* HomepageViewController.swift */ = {isa = PBXFileReference; lastKnownFileType = sourcecode.swift; path = HomepageViewController.swift; sourceTree = "<group>"; };
		591B687525E2A2AF0003410A /* DeeplinkManager.swift */ = {isa = PBXFileReference; lastKnownFileType = sourcecode.swift; path = DeeplinkManager.swift; sourceTree = "<group>"; };
		591B687B25E2A2E80003410A /* DeeplinkableItem.swift */ = {isa = PBXFileReference; lastKnownFileType = sourcecode.swift; path = DeeplinkableItem.swift; sourceTree = "<group>"; };
/* End PBXFileReference section */

/* Begin PBXFrameworksBuildPhase section */
		591B682525E29AC50003410A /* Frameworks */ = {
			isa = PBXFrameworksBuildPhase;
			buildActionMask = 2147483647;
			files = (
			);
			runOnlyForDeploymentPostprocessing = 0;
		};
		591B683B25E29AC60003410A /* Frameworks */ = {
			isa = PBXFrameworksBuildPhase;
			buildActionMask = 2147483647;
			files = (
			);
			runOnlyForDeploymentPostprocessing = 0;
		};
		591B684625E29AC60003410A /* Frameworks */ = {
			isa = PBXFrameworksBuildPhase;
			buildActionMask = 2147483647;
			files = (
			);
			runOnlyForDeploymentPostprocessing = 0;
		};
/* End PBXFrameworksBuildPhase section */

/* Begin PBXGroup section */
		591B681F25E29AC50003410A = {
			isa = PBXGroup;
			children = (
				591B682A25E29AC50003410A /* DeeplinkingWithChainPattern */,
				591B684125E29AC60003410A /* DeeplinkingWithChainPatternTests */,
				591B684C25E29AC60003410A /* DeeplinkingWithChainPatternUITests */,
				591B682925E29AC50003410A /* Products */,
			);
			sourceTree = "<group>";
		};
		591B682925E29AC50003410A /* Products */ = {
			isa = PBXGroup;
			children = (
				591B682825E29AC50003410A /* DeeplinkingWithChainPattern.app */,
				591B683E25E29AC60003410A /* DeeplinkingWithChainPatternTests.xctest */,
				591B684925E29AC60003410A /* DeeplinkingWithChainPatternUITests.xctest */,
			);
			name = Products;
			sourceTree = "<group>";
		};
		591B682A25E29AC50003410A /* DeeplinkingWithChainPattern */ = {
			isa = PBXGroup;
			children = (
				591B685F25E29FAC0003410A /* Deeplink */,
				591B685E25E29FA50003410A /* ViewControllers */,
				591B682B25E29AC50003410A /* AppDelegate.swift */,
				591B682D25E29AC50003410A /* SceneDelegate.swift */,
				591B683125E29AC50003410A /* Main.storyboard */,
				591B683425E29AC50003410A /* Assets.xcassets */,
				591B683625E29AC50003410A /* LaunchScreen.storyboard */,
				591B683925E29AC50003410A /* Info.plist */,
			);
			path = DeeplinkingWithChainPattern;
			sourceTree = "<group>";
		};
		591B684125E29AC60003410A /* DeeplinkingWithChainPatternTests */ = {
			isa = PBXGroup;
			children = (
				591B684225E29AC60003410A /* DeeplinkingWithChainPatternTests.swift */,
				591B684425E29AC60003410A /* Info.plist */,
			);
			path = DeeplinkingWithChainPatternTests;
			sourceTree = "<group>";
		};
		591B684C25E29AC60003410A /* DeeplinkingWithChainPatternUITests */ = {
			isa = PBXGroup;
			children = (
				591B684D25E29AC60003410A /* DeeplinkingWithChainPatternUITests.swift */,
				591B684F25E29AC60003410A /* Info.plist */,
			);
			path = DeeplinkingWithChainPatternUITests;
			sourceTree = "<group>";
		};
		591B685E25E29FA50003410A /* ViewControllers */ = {
			isa = PBXGroup;
			children = (
				591B686D25E2A0CF0003410A /* HomepageViewController.swift */,
				591B686325E29FF70003410A /* ProductDetailViewController.swift */,
				591B686825E2A0140003410A /* OrderDetailViewController.swift */,
			);
			path = ViewControllers;
			sourceTree = "<group>";
		};
		591B685F25E29FAC0003410A /* Deeplink */ = {
			isa = PBXGroup;
			children = (
				591B687A25E2A2BF0003410A /* Items */,
				591B687525E2A2AF0003410A /* DeeplinkManager.swift */,
				591B687B25E2A2E80003410A /* DeeplinkableItem.swift */,
			);
			path = Deeplink;
			sourceTree = "<group>";
		};
		591B687A25E2A2BF0003410A /* Items */ = {
			isa = PBXGroup;
			children = (
			);
			path = Items;
			sourceTree = "<group>";
		};
/* End PBXGroup section */

/* Begin PBXNativeTarget section */
		591B682725E29AC50003410A /* DeeplinkingWithChainPattern */ = {
			isa = PBXNativeTarget;
			buildConfigurationList = 591B685225E29AC60003410A /* Build configuration list for PBXNativeTarget "DeeplinkingWithChainPattern" */;
			buildPhases = (
				591B682425E29AC50003410A /* Sources */,
				591B682525E29AC50003410A /* Frameworks */,
				591B682625E29AC50003410A /* Resources */,
			);
			buildRules = (
			);
			dependencies = (
			);
			name = DeeplinkingWithChainPattern;
			productName = DeeplinkingWithChainPattern;
			productReference = 591B682825E29AC50003410A /* DeeplinkingWithChainPattern.app */;
			productType = "com.apple.product-type.application";
		};
		591B683D25E29AC60003410A /* DeeplinkingWithChainPatternTests */ = {
			isa = PBXNativeTarget;
			buildConfigurationList = 591B685525E29AC60003410A /* Build configuration list for PBXNativeTarget "DeeplinkingWithChainPatternTests" */;
			buildPhases = (
				591B683A25E29AC60003410A /* Sources */,
				591B683B25E29AC60003410A /* Frameworks */,
				591B683C25E29AC60003410A /* Resources */,
			);
			buildRules = (
			);
			dependencies = (
				591B684025E29AC60003410A /* PBXTargetDependency */,
			);
			name = DeeplinkingWithChainPatternTests;
			productName = DeeplinkingWithChainPatternTests;
			productReference = 591B683E25E29AC60003410A /* DeeplinkingWithChainPatternTests.xctest */;
			productType = "com.apple.product-type.bundle.unit-test";
		};
		591B684825E29AC60003410A /* DeeplinkingWithChainPatternUITests */ = {
			isa = PBXNativeTarget;
			buildConfigurationList = 591B685825E29AC60003410A /* Build configuration list for PBXNativeTarget "DeeplinkingWithChainPatternUITests" */;
			buildPhases = (
				591B684525E29AC60003410A /* Sources */,
				591B684625E29AC60003410A /* Frameworks */,
				591B684725E29AC60003410A /* Resources */,
			);
			buildRules = (
			);
			dependencies = (
				591B684B25E29AC60003410A /* PBXTargetDependency */,
			);
			name = DeeplinkingWithChainPatternUITests;
			productName = DeeplinkingWithChainPatternUITests;
			productReference = 591B684925E29AC60003410A /* DeeplinkingWithChainPatternUITests.xctest */;
			productType = "com.apple.product-type.bundle.ui-testing";
		};
/* End PBXNativeTarget section */

/* Begin PBXProject section */
		591B682025E29AC50003410A /* Project object */ = {
			isa = PBXProject;
			attributes = {
				LastSwiftUpdateCheck = 1220;
				LastUpgradeCheck = 1220;
				TargetAttributes = {
					591B682725E29AC50003410A = {
						CreatedOnToolsVersion = 12.2;
					};
					591B683D25E29AC60003410A = {
						CreatedOnToolsVersion = 12.2;
						TestTargetID = 591B682725E29AC50003410A;
					};
					591B684825E29AC60003410A = {
						CreatedOnToolsVersion = 12.2;
						TestTargetID = 591B682725E29AC50003410A;
					};
				};
			};
			buildConfigurationList = 591B682325E29AC50003410A /* Build configuration list for PBXProject "DeeplinkingWithChainPattern" */;
			compatibilityVersion = "Xcode 9.3";
			developmentRegion = en;
			hasScannedForEncodings = 0;
			knownRegions = (
				en,
				Base,
			);
			mainGroup = 591B681F25E29AC50003410A;
			productRefGroup = 591B682925E29AC50003410A /* Products */;
			projectDirPath = "";
			projectRoot = "";
			targets = (
				591B682725E29AC50003410A /* DeeplinkingWithChainPattern */,
				591B683D25E29AC60003410A /* DeeplinkingWithChainPatternTests */,
				591B684825E29AC60003410A /* DeeplinkingWithChainPatternUITests */,
			);
		};
/* End PBXProject section */

/* Begin PBXResourcesBuildPhase section */
		591B682625E29AC50003410A /* Resources */ = {
			isa = PBXResourcesBuildPhase;
			buildActionMask = 2147483647;
			files = (
				591B683825E29AC50003410A /* LaunchScreen.storyboard in Resources */,
				591B683525E29AC50003410A /* Assets.xcassets in Resources */,
				591B683325E29AC50003410A /* Main.storyboard in Resources */,
			);
			runOnlyForDeploymentPostprocessing = 0;
		};
		591B683C25E29AC60003410A /* Resources */ = {
			isa = PBXResourcesBuildPhase;
			buildActionMask = 2147483647;
			files = (
			);
			runOnlyForDeploymentPostprocessing = 0;
		};
		591B684725E29AC60003410A /* Resources */ = {
			isa = PBXResourcesBuildPhase;
			buildActionMask = 2147483647;
			files = (
			);
			runOnlyForDeploymentPostprocessing = 0;
		};
/* End PBXResourcesBuildPhase section */

/* Begin PBXSourcesBuildPhase section */
		591B682425E29AC50003410A /* Sources */ = {
			isa = PBXSourcesBuildPhase;
			buildActionMask = 2147483647;
			files = (
				591B686925E2A0140003410A /* OrderDetailViewController.swift in Sources */,
				591B682C25E29AC50003410A /* AppDelegate.swift in Sources */,
				591B682E25E29AC50003410A /* SceneDelegate.swift in Sources */,
				591B687625E2A2AF0003410A /* DeeplinkManager.swift in Sources */,
				591B686425E29FF70003410A /* ProductDetailViewController.swift in Sources */,
				591B686E25E2A0CF0003410A /* HomepageViewController.swift in Sources */,
				591B687C25E2A2E80003410A /* DeeplinkableItem.swift in Sources */,
			);
			runOnlyForDeploymentPostprocessing = 0;
		};
		591B683A25E29AC60003410A /* Sources */ = {
			isa = PBXSourcesBuildPhase;
			buildActionMask = 2147483647;
			files = (
				591B684325E29AC60003410A /* DeeplinkingWithChainPatternTests.swift in Sources */,
			);
			runOnlyForDeploymentPostprocessing = 0;
		};
		591B684525E29AC60003410A /* Sources */ = {
			isa = PBXSourcesBuildPhase;
			buildActionMask = 2147483647;
			files = (
				591B684E25E29AC60003410A /* DeeplinkingWithChainPatternUITests.swift in Sources */,
			);
			runOnlyForDeploymentPostprocessing = 0;
		};
/* End PBXSourcesBuildPhase section */

/* Begin PBXTargetDependency section */
		591B684025E29AC60003410A /* PBXTargetDependency */ = {
			isa = PBXTargetDependency;
			target = 591B682725E29AC50003410A /* DeeplinkingWithChainPattern */;
			targetProxy = 591B683F25E29AC60003410A /* PBXContainerItemProxy */;
		};
		591B684B25E29AC60003410A /* PBXTargetDependency */ = {
			isa = PBXTargetDependency;
			target = 591B682725E29AC50003410A /* DeeplinkingWithChainPattern */;
			targetProxy = 591B684A25E29AC60003410A /* PBXContainerItemProxy */;
		};
/* End PBXTargetDependency section */

/* Begin PBXVariantGroup section */
		591B683125E29AC50003410A /* Main.storyboard */ = {
			isa = PBXVariantGroup;
			children = (
				591B683225E29AC50003410A /* Base */,
			);
			name = Main.storyboard;
			sourceTree = "<group>";
		};
		591B683625E29AC50003410A /* LaunchScreen.storyboard */ = {
			isa = PBXVariantGroup;
			children = (
				591B683725E29AC50003410A /* Base */,
			);
			name = LaunchScreen.storyboard;
			sourceTree = "<group>";
		};
/* End PBXVariantGroup section */

/* Begin XCBuildConfiguration section */
		591B685025E29AC60003410A /* Debug */ = {
			isa = XCBuildConfiguration;
			buildSettings = {
				ALWAYS_SEARCH_USER_PATHS = NO;
				CLANG_ANALYZER_NONNULL = YES;
				CLANG_ANALYZER_NUMBER_OBJECT_CONVERSION = YES_AGGRESSIVE;
				CLANG_CXX_LANGUAGE_STANDARD = "gnu++14";
				CLANG_CXX_LIBRARY = "libc++";
				CLANG_ENABLE_MODULES = YES;
				CLANG_ENABLE_OBJC_ARC = YES;
				CLANG_ENABLE_OBJC_WEAK = YES;
				CLANG_WARN_BLOCK_CAPTURE_AUTORELEASING = YES;
				CLANG_WARN_BOOL_CONVERSION = YES;
				CLANG_WARN_COMMA = YES;
				CLANG_WARN_CONSTANT_CONVERSION = YES;
				CLANG_WARN_DEPRECATED_OBJC_IMPLEMENTATIONS = YES;
				CLANG_WARN_DIRECT_OBJC_ISA_USAGE = YES_ERROR;
				CLANG_WARN_DOCUMENTATION_COMMENTS = YES;
				CLANG_WARN_EMPTY_BODY = YES;
				CLANG_WARN_ENUM_CONVERSION = YES;
				CLANG_WARN_INFINITE_RECURSION = YES;
				CLANG_WARN_INT_CONVERSION = YES;
				CLANG_WARN_NON_LITERAL_NULL_CONVERSION = YES;
				CLANG_WARN_OBJC_IMPLICIT_RETAIN_SELF = YES;
				CLANG_WARN_OBJC_LITERAL_CONVERSION = YES;
				CLANG_WARN_OBJC_ROOT_CLASS = YES_ERROR;
				CLANG_WARN_QUOTED_INCLUDE_IN_FRAMEWORK_HEADER = YES;
				CLANG_WARN_RANGE_LOOP_ANALYSIS = YES;
				CLANG_WARN_STRICT_PROTOTYPES = YES;
				CLANG_WARN_SUSPICIOUS_MOVE = YES;
				CLANG_WARN_UNGUARDED_AVAILABILITY = YES_AGGRESSIVE;
				CLANG_WARN_UNREACHABLE_CODE = YES;
				CLANG_WARN__DUPLICATE_METHOD_MATCH = YES;
				COPY_PHASE_STRIP = NO;
				DEBUG_INFORMATION_FORMAT = dwarf;
				ENABLE_STRICT_OBJC_MSGSEND = YES;
				ENABLE_TESTABILITY = YES;
				GCC_C_LANGUAGE_STANDARD = gnu11;
				GCC_DYNAMIC_NO_PIC = NO;
				GCC_NO_COMMON_BLOCKS = YES;
				GCC_OPTIMIZATION_LEVEL = 0;
				GCC_PREPROCESSOR_DEFINITIONS = (
					"DEBUG=1",
					"$(inherited)",
				);
				GCC_WARN_64_TO_32_BIT_CONVERSION = YES;
				GCC_WARN_ABOUT_RETURN_TYPE = YES_ERROR;
				GCC_WARN_UNDECLARED_SELECTOR = YES;
				GCC_WARN_UNINITIALIZED_AUTOS = YES_AGGRESSIVE;
				GCC_WARN_UNUSED_FUNCTION = YES;
				GCC_WARN_UNUSED_VARIABLE = YES;
				IPHONEOS_DEPLOYMENT_TARGET = 14.2;
				MTL_ENABLE_DEBUG_INFO = INCLUDE_SOURCE;
				MTL_FAST_MATH = YES;
				ONLY_ACTIVE_ARCH = YES;
				SDKROOT = iphoneos;
				SWIFT_ACTIVE_COMPILATION_CONDITIONS = DEBUG;
				SWIFT_OPTIMIZATION_LEVEL = "-Onone";
			};
			name = Debug;
		};
		591B685125E29AC60003410A /* Release */ = {
			isa = XCBuildConfiguration;
			buildSettings = {
				ALWAYS_SEARCH_USER_PATHS = NO;
				CLANG_ANALYZER_NONNULL = YES;
				CLANG_ANALYZER_NUMBER_OBJECT_CONVERSION = YES_AGGRESSIVE;
				CLANG_CXX_LANGUAGE_STANDARD = "gnu++14";
				CLANG_CXX_LIBRARY = "libc++";
				CLANG_ENABLE_MODULES = YES;
				CLANG_ENABLE_OBJC_ARC = YES;
				CLANG_ENABLE_OBJC_WEAK = YES;
				CLANG_WARN_BLOCK_CAPTURE_AUTORELEASING = YES;
				CLANG_WARN_BOOL_CONVERSION = YES;
				CLANG_WARN_COMMA = YES;
				CLANG_WARN_CONSTANT_CONVERSION = YES;
				CLANG_WARN_DEPRECATED_OBJC_IMPLEMENTATIONS = YES;
				CLANG_WARN_DIRECT_OBJC_ISA_USAGE = YES_ERROR;
				CLANG_WARN_DOCUMENTATION_COMMENTS = YES;
				CLANG_WARN_EMPTY_BODY = YES;
				CLANG_WARN_ENUM_CONVERSION = YES;
				CLANG_WARN_INFINITE_RECURSION = YES;
				CLANG_WARN_INT_CONVERSION = YES;
				CLANG_WARN_NON_LITERAL_NULL_CONVERSION = YES;
				CLANG_WARN_OBJC_IMPLICIT_RETAIN_SELF = YES;
				CLANG_WARN_OBJC_LITERAL_CONVERSION = YES;
				CLANG_WARN_OBJC_ROOT_CLASS = YES_ERROR;
				CLANG_WARN_QUOTED_INCLUDE_IN_FRAMEWORK_HEADER = YES;
				CLANG_WARN_RANGE_LOOP_ANALYSIS = YES;
				CLANG_WARN_STRICT_PROTOTYPES = YES;
				CLANG_WARN_SUSPICIOUS_MOVE = YES;
				CLANG_WARN_UNGUARDED_AVAILABILITY = YES_AGGRESSIVE;
				CLANG_WARN_UNREACHABLE_CODE = YES;
				CLANG_WARN__DUPLICATE_METHOD_MATCH = YES;
				COPY_PHASE_STRIP = NO;
				DEBUG_INFORMATION_FORMAT = "dwarf-with-dsym";
				ENABLE_NS_ASSERTIONS = NO;
				ENABLE_STRICT_OBJC_MSGSEND = YES;
				GCC_C_LANGUAGE_STANDARD = gnu11;
				GCC_NO_COMMON_BLOCKS = YES;
				GCC_WARN_64_TO_32_BIT_CONVERSION = YES;
				GCC_WARN_ABOUT_RETURN_TYPE = YES_ERROR;
				GCC_WARN_UNDECLARED_SELECTOR = YES;
				GCC_WARN_UNINITIALIZED_AUTOS = YES_AGGRESSIVE;
				GCC_WARN_UNUSED_FUNCTION = YES;
				GCC_WARN_UNUSED_VARIABLE = YES;
				IPHONEOS_DEPLOYMENT_TARGET = 14.2;
				MTL_ENABLE_DEBUG_INFO = NO;
				MTL_FAST_MATH = YES;
				SDKROOT = iphoneos;
				SWIFT_COMPILATION_MODE = wholemodule;
				SWIFT_OPTIMIZATION_LEVEL = "-O";
				VALIDATE_PRODUCT = YES;
			};
			name = Release;
		};
		591B685325E29AC60003410A /* Debug */ = {
			isa = XCBuildConfiguration;
			buildSettings = {
				ASSETCATALOG_COMPILER_APPICON_NAME = AppIcon;
				ASSETCATALOG_COMPILER_GLOBAL_ACCENT_COLOR_NAME = AccentColor;
				CODE_SIGN_STYLE = Automatic;
				DEVELOPMENT_TEAM = 6P6V53T36J;
				INFOPLIST_FILE = DeeplinkingWithChainPattern/Info.plist;
				LD_RUNPATH_SEARCH_PATHS = (
					"$(inherited)",
					"@executable_path/Frameworks",
				);
				PRODUCT_BUNDLE_IDENTIFIER = com.tangerine.DeeplinkingWithChainPattern;
				PRODUCT_NAME = "$(TARGET_NAME)";
				SWIFT_VERSION = 5.0;
				TARGETED_DEVICE_FAMILY = "1,2";
			};
			name = Debug;
		};
		591B685425E29AC60003410A /* Release */ = {
			isa = XCBuildConfiguration;
			buildSettings = {
				ASSETCATALOG_COMPILER_APPICON_NAME = AppIcon;
				ASSETCATALOG_COMPILER_GLOBAL_ACCENT_COLOR_NAME = AccentColor;
				CODE_SIGN_STYLE = Automatic;
				DEVELOPMENT_TEAM = 6P6V53T36J;
				INFOPLIST_FILE = DeeplinkingWithChainPattern/Info.plist;
				LD_RUNPATH_SEARCH_PATHS = (
					"$(inherited)",
					"@executable_path/Frameworks",
				);
				PRODUCT_BUNDLE_IDENTIFIER = com.tangerine.DeeplinkingWithChainPattern;
				PRODUCT_NAME = "$(TARGET_NAME)";
				SWIFT_VERSION = 5.0;
				TARGETED_DEVICE_FAMILY = "1,2";
			};
			name = Release;
		};
		591B685625E29AC60003410A /* Debug */ = {
			isa = XCBuildConfiguration;
			buildSettings = {
				ALWAYS_EMBED_SWIFT_STANDARD_LIBRARIES = YES;
				BUNDLE_LOADER = "$(TEST_HOST)";
				CODE_SIGN_STYLE = Automatic;
				DEVELOPMENT_TEAM = 6P6V53T36J;
				INFOPLIST_FILE = DeeplinkingWithChainPatternTests/Info.plist;
				IPHONEOS_DEPLOYMENT_TARGET = 14.2;
				LD_RUNPATH_SEARCH_PATHS = (
					"$(inherited)",
					"@executable_path/Frameworks",
					"@loader_path/Frameworks",
				);
				PRODUCT_BUNDLE_IDENTIFIER = com.tangerine.DeeplinkingWithChainPatternTests;
				PRODUCT_NAME = "$(TARGET_NAME)";
				SWIFT_VERSION = 5.0;
				TARGETED_DEVICE_FAMILY = "1,2";
				TEST_HOST = "$(BUILT_PRODUCTS_DIR)/DeeplinkingWithChainPattern.app/DeeplinkingWithChainPattern";
			};
			name = Debug;
		};
		591B685725E29AC60003410A /* Release */ = {
			isa = XCBuildConfiguration;
			buildSettings = {
				ALWAYS_EMBED_SWIFT_STANDARD_LIBRARIES = YES;
				BUNDLE_LOADER = "$(TEST_HOST)";
				CODE_SIGN_STYLE = Automatic;
				DEVELOPMENT_TEAM = 6P6V53T36J;
				INFOPLIST_FILE = DeeplinkingWithChainPatternTests/Info.plist;
				IPHONEOS_DEPLOYMENT_TARGET = 14.2;
				LD_RUNPATH_SEARCH_PATHS = (
					"$(inherited)",
					"@executable_path/Frameworks",
					"@loader_path/Frameworks",
				);
				PRODUCT_BUNDLE_IDENTIFIER = com.tangerine.DeeplinkingWithChainPatternTests;
				PRODUCT_NAME = "$(TARGET_NAME)";
				SWIFT_VERSION = 5.0;
				TARGETED_DEVICE_FAMILY = "1,2";
				TEST_HOST = "$(BUILT_PRODUCTS_DIR)/DeeplinkingWithChainPattern.app/DeeplinkingWithChainPattern";
			};
			name = Release;
		};
		591B685925E29AC60003410A /* Debug */ = {
			isa = XCBuildConfiguration;
			buildSettings = {
				ALWAYS_EMBED_SWIFT_STANDARD_LIBRARIES = YES;
				CODE_SIGN_STYLE = Automatic;
				DEVELOPMENT_TEAM = 6P6V53T36J;
				INFOPLIST_FILE = DeeplinkingWithChainPatternUITests/Info.plist;
				LD_RUNPATH_SEARCH_PATHS = (
					"$(inherited)",
					"@executable_path/Frameworks",
					"@loader_path/Frameworks",
				);
				PRODUCT_BUNDLE_IDENTIFIER = com.tangerine.DeeplinkingWithChainPatternUITests;
				PRODUCT_NAME = "$(TARGET_NAME)";
				SWIFT_VERSION = 5.0;
				TARGETED_DEVICE_FAMILY = "1,2";
				TEST_TARGET_NAME = DeeplinkingWithChainPattern;
			};
			name = Debug;
		};
		591B685A25E29AC60003410A /* Release */ = {
			isa = XCBuildConfiguration;
			buildSettings = {
				ALWAYS_EMBED_SWIFT_STANDARD_LIBRARIES = YES;
				CODE_SIGN_STYLE = Automatic;
				DEVELOPMENT_TEAM = 6P6V53T36J;
				INFOPLIST_FILE = DeeplinkingWithChainPatternUITests/Info.plist;
				LD_RUNPATH_SEARCH_PATHS = (
					"$(inherited)",
					"@executable_path/Frameworks",
					"@loader_path/Frameworks",
				);
				PRODUCT_BUNDLE_IDENTIFIER = com.tangerine.DeeplinkingWithChainPatternUITests;
				PRODUCT_NAME = "$(TARGET_NAME)";
				SWIFT_VERSION = 5.0;
				TARGETED_DEVICE_FAMILY = "1,2";
				TEST_TARGET_NAME = DeeplinkingWithChainPattern;
			};
			name = Release;
		};
/* End XCBuildConfiguration section */

/* Begin XCConfigurationList section */
		591B682325E29AC50003410A /* Build configuration list for PBXProject "DeeplinkingWithChainPattern" */ = {
			isa = XCConfigurationList;
			buildConfigurations = (
				591B685025E29AC60003410A /* Debug */,
				591B685125E29AC60003410A /* Release */,
			);
			defaultConfigurationIsVisible = 0;
			defaultConfigurationName = Release;
		};
		591B685225E29AC60003410A /* Build configuration list for PBXNativeTarget "DeeplinkingWithChainPattern" */ = {
			isa = XCConfigurationList;
			buildConfigurations = (
				591B685325E29AC60003410A /* Debug */,
				591B685425E29AC60003410A /* Release */,
			);
			defaultConfigurationIsVisible = 0;
			defaultConfigurationName = Release;
		};
		591B685525E29AC60003410A /* Build configuration list for PBXNativeTarget "DeeplinkingWithChainPatternTests" */ = {
			isa = XCConfigurationList;
			buildConfigurations = (
				591B685625E29AC60003410A /* Debug */,
				591B685725E29AC60003410A /* Release */,
			);
			defaultConfigurationIsVisible = 0;
			defaultConfigurationName = Release;
		};
		591B685825E29AC60003410A /* Build configuration list for PBXNativeTarget "DeeplinkingWithChainPatternUITests" */ = {
			isa = XCConfigurationList;
			buildConfigurations = (
				591B685925E29AC60003410A /* Debug */,
				591B685A25E29AC60003410A /* Release */,
			);
			defaultConfigurationIsVisible = 0;
			defaultConfigurationName = Release;
		};
/* End XCConfigurationList section */
	};
	rootObject = 591B682025E29AC50003410A /* Project object */;
}
